{
  "requires": true,
  "lockfileVersion": 1,
  "dependencies": {
    "@expo/vector-icons": {
      "version": "10.0.6",
      "resolved": "https://registry.npmjs.org/@expo/vector-icons/-/vector-icons-10.0.6.tgz",
      "integrity": "sha512-qNlKPNdf073LpeEpyClxAh0D3mmIK4TGAQzeKR0HVwf14RIEe17+mLW5Z6Ka5Ho/lUtKMRPDHumSllFyKvpeGg==",
      "requires": {
        "lodash": "^4.17.4"
      }
    },
    "lodash": {
      "version": "4.17.15",
      "resolved": "https://registry.npmjs.org/lodash/-/lodash-4.17.15.tgz",
      "integrity": "sha512-8xOcRHvCjnocdS5cpwXQXVzmmh5e5+saE2QGoeQmbKmRS6J3VQppPOIt0MnmE+4xlZoumy0GPG0D0MVIQbNA1A=="
    },
    "mobx": {
      "version": "4.15.4",
      "resolved": "https://registry.npmjs.org/mobx/-/mobx-4.15.4.tgz",
      "integrity": "sha512-nyuHPqmKnVOnbvkjR8OrijBtovxAHYC+JU8/qBqvBw4Dez/n+zzxqNHbZNFy7/07+wwc/Qz7JS9WSfy1LcYISA=="
    },
    "mobx-react": {
      "version": "6.2.2",
      "resolved": "https://registry.npmjs.org/mobx-react/-/mobx-react-6.2.2.tgz",
      "integrity": "sha512-Us6V4ng/iKIRJ8pWxdbdysC6bnS53ZKLKlVGBqzHx6J+gYPYbOotWvhHZnzh/W5mhpYXxlXif4kL2cxoWJOplQ==",
      "requires": {
        "mobx-react-lite": "2"
      }
    },
    "mobx-react-lite": {
      "version": "2.0.7",
      "resolved": "https://registry.npmjs.org/mobx-react-lite/-/mobx-react-lite-2.0.7.tgz",
      "integrity": "sha512-YKAh2gThC6WooPnVZCoC+rV1bODAKFwkhxikzgH18wpBjkgTkkR9Sb0IesQAH5QrAEH/JQVmy47jcpQkf2Au3Q=="
    }
  }
}
