{
  "requires": true,
  "lockfileVersion": 1,
  "dependencies": {
    "bangumi-data": {
      "version": "0.3.21",
      "resolved": "https://registry.npmjs.org/bangumi-data/-/bangumi-data-0.3.21.tgz",
      "integrity": "sha512-jsd14VsdpqKEe/aIU44sI/vIuMKcvBAFBXjdGoHMEOMlaqea/BdJqDoSpfiYsl/nreOIT00Bdo5fzXbe+TT9OA=="
    },
    "react-native-exception-handler": {
      "version": "2.10.8",
      "resolved": "https://registry.npmjs.org/react-native-exception-handler/-/react-native-exception-handler-2.10.8.tgz",
      "integrity": "sha512-ZN+jwpADRkCUNdad/50k0mZdMoICGrGdtaxgvRU+pNcWRRBAXJhuo4+jY0eQaoVpx1ghycGE6tBu9ka8gL2NOQ=="
    },
    "react-native-restart": {
      "version": "0.0.14",
      "resolved": "https://registry.npmjs.org/react-native-restart/-/react-native-restart-0.0.14.tgz",
      "integrity": "sha512-2jQzmGlT243yRrvuj1FtOFCnMxiNoXhrP6a5ZYkouGAmtx/GgR9kI3E4iGzTJwJY7l1qbnbLHlbjn/1JAALd7Q=="
    }
  }
}
