{
  "requires": true,
  "lockfileVersion": 1,
  "dependencies": {
    "@expo/vector-icons": {
      "version": "10.0.6",
      "resolved": "https://registry.npmjs.org/@expo/vector-icons/-/vector-icons-10.0.6.tgz",
      "integrity": "sha512-qNlKPNdf073LpeEpyClxAh0D3mmIK4TGAQzeKR0HVwf14RIEe17+mLW5Z6Ka5Ho/lUtKMRPDHumSllFyKvpeGg==",
      "requires": {
        "lodash": "^4.17.4"
      }
    },
    "bangumi-data": {
      "version": "0.3.30",
      "resolved": "https://registry.npmjs.org/bangumi-data/-/bangumi-data-0.3.30.tgz",
      "integrity": "sha512-1Kby79FnB0pRscxKb6RZVjwKdlnlCYfqe0p3zCLXLzsqxUDBi4PbvOlUPwQ/7nIzg4XEBqcqZXcc7h/ncJ98zg=="
    },
    "lodash": {
      "version": "4.17.15",
      "resolved": "https://registry.npmjs.org/lodash/-/lodash-4.17.15.tgz",
      "integrity": "sha512-8xOcRHvCjnocdS5cpwXQXVzmmh5e5+saE2QGoeQmbKmRS6J3VQppPOIt0MnmE+4xlZoumy0GPG0D0MVIQbNA1A=="
    },
    "mobx-react-lite": {
      "version": "2.0.7",
      "resolved": "https://registry.npmjs.org/mobx-react-lite/-/mobx-react-lite-2.0.7.tgz",
      "integrity": "sha512-YKAh2gThC6WooPnVZCoC+rV1bODAKFwkhxikzgH18wpBjkgTkkR9Sb0IesQAH5QrAEH/JQVmy47jcpQkf2Au3Q=="
    }
  }
}
